// !$*UTF8*$!
{
	archiveVersion = 1;
	classes = {
	};
	objectVersion = 51;
	objects = {

/* Begin PBXBuildFile section */
		26F8907B7A5A681F13217D44 /* Pods_SampleTests.framework in Frameworks */ = {isa = PBXBuildFile; fileRef = 739F3B4E267F5C5EE6528E47 /* Pods_SampleTests.framework */; };
		482AB0930A1D3CAFFE6A4635 /* Pods_Sample.framework in Frameworks */ = {isa = PBXBuildFile; fileRef = A162D1345BE8D0F42FA90740 /* Pods_Sample.framework */; };
		A02C4E81231BC32C007A3C00 /* RootComponent+Main.swift in Sources */ = {isa = PBXBuildFile; fileRef = A02C4E80231BC32C007A3C00 /* RootComponent+Main.swift */; };
		A05FFD9C22FA998800241086 /* AppComponent.swift in Sources */ = {isa = PBXBuildFile; fileRef = A05FFD9B22FA998800241086 /* AppComponent.swift */; };
		A05FFDA822FA9E9000241086 /* UINavigation+RIBs.swift in Sources */ = {isa = PBXBuildFile; fileRef = A05FFDA722FA9E9000241086 /* UINavigation+RIBs.swift */; };
		A05FFDAD22FAA01400241086 /* RootRouter.swift in Sources */ = {isa = PBXBuildFile; fileRef = A05FFDA922FAA01400241086 /* RootRouter.swift */; };
		A05FFDAE22FAA01400241086 /* RootViewController.swift in Sources */ = {isa = PBXBuildFile; fileRef = A05FFDAA22FAA01400241086 /* RootViewController.swift */; };
		A05FFDAF22FAA01400241086 /* RootBuilder.swift in Sources */ = {isa = PBXBuildFile; fileRef = A05FFDAB22FAA01400241086 /* RootBuilder.swift */; };
		A05FFDB022FAA01400241086 /* RootInteractor.swift in Sources */ = {isa = PBXBuildFile; fileRef = A05FFDAC22FAA01400241086 /* RootInteractor.swift */; };
		A05FFDB622FAA5D000241086 /* MainRouter.swift in Sources */ = {isa = PBXBuildFile; fileRef = A05FFDB222FAA5D000241086 /* MainRouter.swift */; };
		A05FFDB722FAA5D000241086 /* MainViewController.swift in Sources */ = {isa = PBXBuildFile; fileRef = A05FFDB322FAA5D000241086 /* MainViewController.swift */; };
		A05FFDB822FAA5D000241086 /* MainBuilder.swift in Sources */ = {isa = PBXBuildFile; fileRef = A05FFDB422FAA5D000241086 /* MainBuilder.swift */; };
		A05FFDB922FAA5D000241086 /* MainInteractor.swift in Sources */ = {isa = PBXBuildFile; fileRef = A05FFDB522FAA5D000241086 /* MainInteractor.swift */; };
		CECA22A52257621100F12DE5 /* MVP_DetailTest.swift in Sources */ = {isa = PBXBuildFile; fileRef = CECA22A42257621100F12DE5 /* MVP_DetailTest.swift */; };
		CECC8BA52252E37A002A6810 /* AppDelegate.swift in Sources */ = {isa = PBXBuildFile; fileRef = CECC8BA42252E37A002A6810 /* AppDelegate.swift */; };
		CECC8BAA2252E37A002A6810 /* Main.storyboard in Resources */ = {isa = PBXBuildFile; fileRef = CECC8BA82252E37A002A6810 /* Main.storyboard */; };
		CECC8BAC2252E37C002A6810 /* Assets.xcassets in Resources */ = {isa = PBXBuildFile; fileRef = CECC8BAB2252E37C002A6810 /* Assets.xcassets */; };
		CECC8BAF2252E37C002A6810 /* LaunchScreen.storyboard in Resources */ = {isa = PBXBuildFile; fileRef = CECC8BAD2252E37C002A6810 /* LaunchScreen.storyboard */; };
		CECC8BBA2252E37C002A6810 /* MVP_SampleTests.swift in Sources */ = {isa = PBXBuildFile; fileRef = CECC8BB92252E37C002A6810 /* MVP_SampleTests.swift */; };
/* End PBXBuildFile section */

/* Begin PBXContainerItemProxy section */
		CECC8BB62252E37C002A6810 /* PBXContainerItemProxy */ = {
			isa = PBXContainerItemProxy;
			containerPortal = CECC8B992252E37A002A6810 /* Project object */;
			proxyType = 1;
			remoteGlobalIDString = CECC8BA02252E37A002A6810;
			remoteInfo = "MVP-Sample";
		};
/* End PBXContainerItemProxy section */

/* Begin PBXFileReference section */
		432045C954946A1A4F1EEB99 /* Pods-SampleTests.release.xcconfig */ = {isa = PBXFileReference; includeInIndex = 1; lastKnownFileType = text.xcconfig; name = "Pods-SampleTests.release.xcconfig"; path = "Target Support Files/Pods-SampleTests/Pods-SampleTests.release.xcconfig"; sourceTree = "<group>"; };
		4ACE9ADE122ABC158AC603D1 /* Pods-Sample.debug.xcconfig */ = {isa = PBXFileReference; includeInIndex = 1; lastKnownFileType = text.xcconfig; name = "Pods-Sample.debug.xcconfig"; path = "Target Support Files/Pods-Sample/Pods-Sample.debug.xcconfig"; sourceTree = "<group>"; };
		6A6B3D55F77F8755F8413D4E /* Pods-MVP-Sample.debug.xcconfig */ = {isa = PBXFileReference; includeInIndex = 1; lastKnownFileType = text.xcconfig; name = "Pods-MVP-Sample.debug.xcconfig"; path = "Target Support Files/Pods-MVP-Sample/Pods-MVP-Sample.debug.xcconfig"; sourceTree = "<group>"; };
		739F3B4E267F5C5EE6528E47 /* Pods_SampleTests.framework */ = {isa = PBXFileReference; explicitFileType = wrapper.framework; includeInIndex = 0; path = Pods_SampleTests.framework; sourceTree = BUILT_PRODUCTS_DIR; };
		942CBC72B2A0F560001E36CD /* Pods-MVP-SampleUITests.debug.xcconfig */ = {isa = PBXFileReference; includeInIndex = 1; lastKnownFileType = text.xcconfig; name = "Pods-MVP-SampleUITests.debug.xcconfig"; path = "Target Support Files/Pods-MVP-SampleUITests/Pods-MVP-SampleUITests.debug.xcconfig"; sourceTree = "<group>"; };
		94FBE71EE9FEF7C443FEA05E /* Pods_MVP_SampleUITests.framework */ = {isa = PBXFileReference; explicitFileType = wrapper.framework; includeInIndex = 0; path = Pods_MVP_SampleUITests.framework; sourceTree = BUILT_PRODUCTS_DIR; };
		9A241E04F37F01C7919F3530 /* Pods_MVP_Sample.framework */ = {isa = PBXFileReference; explicitFileType = wrapper.framework; includeInIndex = 0; path = Pods_MVP_Sample.framework; sourceTree = BUILT_PRODUCTS_DIR; };
		9E7BAB142F49A5095091B666 /* Pods-MVP-SampleTests.debug.xcconfig */ = {isa = PBXFileReference; includeInIndex = 1; lastKnownFileType = text.xcconfig; name = "Pods-MVP-SampleTests.debug.xcconfig"; path = "Target Support Files/Pods-MVP-SampleTests/Pods-MVP-SampleTests.debug.xcconfig"; sourceTree = "<group>"; };
		A02C4E80231BC32C007A3C00 /* RootComponent+Main.swift */ = {isa = PBXFileReference; lastKnownFileType = sourcecode.swift; path = "RootComponent+Main.swift"; sourceTree = "<group>"; };
		A05FFD9B22FA998800241086 /* AppComponent.swift */ = {isa = PBXFileReference; lastKnownFileType = sourcecode.swift; path = AppComponent.swift; sourceTree = "<group>"; };
		A05FFDA722FA9E9000241086 /* UINavigation+RIBs.swift */ = {isa = PBXFileReference; lastKnownFileType = sourcecode.swift; path = "UINavigation+RIBs.swift"; sourceTree = "<group>"; };
		A05FFDA922FAA01400241086 /* RootRouter.swift */ = {isa = PBXFileReference; lastKnownFileType = sourcecode.swift; path = RootRouter.swift; sourceTree = "<group>"; };
		A05FFDAA22FAA01400241086 /* RootViewController.swift */ = {isa = PBXFileReference; lastKnownFileType = sourcecode.swift; path = RootViewController.swift; sourceTree = "<group>"; };
		A05FFDAB22FAA01400241086 /* RootBuilder.swift */ = {isa = PBXFileReference; lastKnownFileType = sourcecode.swift; path = RootBuilder.swift; sourceTree = "<group>"; };
		A05FFDAC22FAA01400241086 /* RootInteractor.swift */ = {isa = PBXFileReference; lastKnownFileType = sourcecode.swift; path = RootInteractor.swift; sourceTree = "<group>"; };
		A05FFDB222FAA5D000241086 /* MainRouter.swift */ = {isa = PBXFileReference; lastKnownFileType = sourcecode.swift; path = MainRouter.swift; sourceTree = "<group>"; };
		A05FFDB322FAA5D000241086 /* MainViewController.swift */ = {isa = PBXFileReference; lastKnownFileType = sourcecode.swift; path = MainViewController.swift; sourceTree = "<group>"; };
		A05FFDB422FAA5D000241086 /* MainBuilder.swift */ = {isa = PBXFileReference; lastKnownFileType = sourcecode.swift; path = MainBuilder.swift; sourceTree = "<group>"; };
		A05FFDB522FAA5D000241086 /* MainInteractor.swift */ = {isa = PBXFileReference; lastKnownFileType = sourcecode.swift; path = MainInteractor.swift; sourceTree = "<group>"; };
		A162D1345BE8D0F42FA90740 /* Pods_Sample.framework */ = {isa = PBXFileReference; explicitFileType = wrapper.framework; includeInIndex = 0; path = Pods_Sample.framework; sourceTree = BUILT_PRODUCTS_DIR; };
		C09268BA2B3F3DB068496280 /* Pods-MVP-Sample.release.xcconfig */ = {isa = PBXFileReference; includeInIndex = 1; lastKnownFileType = text.xcconfig; name = "Pods-MVP-Sample.release.xcconfig"; path = "Target Support Files/Pods-MVP-Sample/Pods-MVP-Sample.release.xcconfig"; sourceTree = "<group>"; };
		CECA22A42257621100F12DE5 /* MVP_DetailTest.swift */ = {isa = PBXFileReference; lastKnownFileType = sourcecode.swift; path = MVP_DetailTest.swift; sourceTree = "<group>"; };
		CECC8BA12252E37A002A6810 /* Sample.app */ = {isa = PBXFileReference; explicitFileType = wrapper.application; includeInIndex = 0; path = Sample.app; sourceTree = BUILT_PRODUCTS_DIR; };
		CECC8BA42252E37A002A6810 /* AppDelegate.swift */ = {isa = PBXFileReference; lastKnownFileType = sourcecode.swift; path = AppDelegate.swift; sourceTree = "<group>"; };
		CECC8BA92252E37A002A6810 /* Base */ = {isa = PBXFileReference; lastKnownFileType = file.storyboard; name = Base; path = Base.lproj/Main.storyboard; sourceTree = "<group>"; };
		CECC8BAB2252E37C002A6810 /* Assets.xcassets */ = {isa = PBXFileReference; lastKnownFileType = folder.assetcatalog; path = Assets.xcassets; sourceTree = "<group>"; };
		CECC8BAE2252E37C002A6810 /* Base */ = {isa = PBXFileReference; lastKnownFileType = file.storyboard; name = Base; path = Base.lproj/LaunchScreen.storyboard; sourceTree = "<group>"; };
		CECC8BB02252E37C002A6810 /* Info.plist */ = {isa = PBXFileReference; lastKnownFileType = text.plist.xml; path = Info.plist; sourceTree = "<group>"; };
		CECC8BB52252E37C002A6810 /* SampleTests.xctest */ = {isa = PBXFileReference; explicitFileType = wrapper.cfbundle; includeInIndex = 0; path = SampleTests.xctest; sourceTree = BUILT_PRODUCTS_DIR; };
		CECC8BB92252E37C002A6810 /* MVP_SampleTests.swift */ = {isa = PBXFileReference; lastKnownFileType = sourcecode.swift; path = MVP_SampleTests.swift; sourceTree = "<group>"; };
		CECC8BBB2252E37C002A6810 /* Info.plist */ = {isa = PBXFileReference; lastKnownFileType = text.plist.xml; path = Info.plist; sourceTree = "<group>"; };
		D7935351A225BA100C31ACFE /* Pods-SampleTests.debug.xcconfig */ = {isa = PBXFileReference; includeInIndex = 1; lastKnownFileType = text.xcconfig; name = "Pods-SampleTests.debug.xcconfig"; path = "Target Support Files/Pods-SampleTests/Pods-SampleTests.debug.xcconfig"; sourceTree = "<group>"; };
		E2E4FFB1650832E01921F2D5 /* Pods_MVP_SampleTests.framework */ = {isa = PBXFileReference; explicitFileType = wrapper.framework; includeInIndex = 0; path = Pods_MVP_SampleTests.framework; sourceTree = BUILT_PRODUCTS_DIR; };
		E6946DCEC0180225AC07742A /* Pods-MVP-SampleUITests.release.xcconfig */ = {isa = PBXFileReference; includeInIndex = 1; lastKnownFileType = text.xcconfig; name = "Pods-MVP-SampleUITests.release.xcconfig"; path = "Target Support Files/Pods-MVP-SampleUITests/Pods-MVP-SampleUITests.release.xcconfig"; sourceTree = "<group>"; };
		F2019F28A99AC202B4DDFF3D /* Pods-Sample.release.xcconfig */ = {isa = PBXFileReference; includeInIndex = 1; lastKnownFileType = text.xcconfig; name = "Pods-Sample.release.xcconfig"; path = "Target Support Files/Pods-Sample/Pods-Sample.release.xcconfig"; sourceTree = "<group>"; };
		F3F6B4535E8E9349064BFAA8 /* Pods-MVP-SampleTests.release.xcconfig */ = {isa = PBXFileReference; includeInIndex = 1; lastKnownFileType = text.xcconfig; name = "Pods-MVP-SampleTests.release.xcconfig"; path = "Target Support Files/Pods-MVP-SampleTests/Pods-MVP-SampleTests.release.xcconfig"; sourceTree = "<group>"; };
/* End PBXFileReference section */

/* Begin PBXFrameworksBuildPhase section */
		CECC8B9E2252E37A002A6810 /* Frameworks */ = {
			isa = PBXFrameworksBuildPhase;
			buildActionMask = 2147483647;
			files = (
				482AB0930A1D3CAFFE6A4635 /* Pods_Sample.framework in Frameworks */,
			);
			runOnlyForDeploymentPostprocessing = 0;
		};
		CECC8BB22252E37C002A6810 /* Frameworks */ = {
			isa = PBXFrameworksBuildPhase;
			buildActionMask = 2147483647;
			files = (
				26F8907B7A5A681F13217D44 /* Pods_SampleTests.framework in Frameworks */,
			);
			runOnlyForDeploymentPostprocessing = 0;
		};
/* End PBXFrameworksBuildPhase section */

/* Begin PBXGroup section */
		1AE3D1CE6884235D7BCE9E8F /* Pods */ = {
			isa = PBXGroup;
			children = (
				6A6B3D55F77F8755F8413D4E /* Pods-MVP-Sample.debug.xcconfig */,
				C09268BA2B3F3DB068496280 /* Pods-MVP-Sample.release.xcconfig */,
				9E7BAB142F49A5095091B666 /* Pods-MVP-SampleTests.debug.xcconfig */,
				F3F6B4535E8E9349064BFAA8 /* Pods-MVP-SampleTests.release.xcconfig */,
				942CBC72B2A0F560001E36CD /* Pods-MVP-SampleUITests.debug.xcconfig */,
				E6946DCEC0180225AC07742A /* Pods-MVP-SampleUITests.release.xcconfig */,
				4ACE9ADE122ABC158AC603D1 /* Pods-Sample.debug.xcconfig */,
				F2019F28A99AC202B4DDFF3D /* Pods-Sample.release.xcconfig */,
				D7935351A225BA100C31ACFE /* Pods-SampleTests.debug.xcconfig */,
				432045C954946A1A4F1EEB99 /* Pods-SampleTests.release.xcconfig */,
			);
			path = Pods;
			sourceTree = "<group>";
		};
		1EB324B2C747931A37ECF4B2 /* Frameworks */ = {
			isa = PBXGroup;
			children = (
				9A241E04F37F01C7919F3530 /* Pods_MVP_Sample.framework */,
				E2E4FFB1650832E01921F2D5 /* Pods_MVP_SampleTests.framework */,
				94FBE71EE9FEF7C443FEA05E /* Pods_MVP_SampleUITests.framework */,
				A162D1345BE8D0F42FA90740 /* Pods_Sample.framework */,
				739F3B4E267F5C5EE6528E47 /* Pods_SampleTests.framework */,
			);
			name = Frameworks;
			sourceTree = "<group>";
		};
		A05FFDB122FAA01800241086 /* Root */ = {
			isa = PBXGroup;
			children = (
				A05FFDA922FAA01400241086 /* RootRouter.swift */,
				A05FFDAA22FAA01400241086 /* RootViewController.swift */,
				A05FFDAB22FAA01400241086 /* RootBuilder.swift */,
				A02C4E80231BC32C007A3C00 /* RootComponent+Main.swift */,
				A05FFDAC22FAA01400241086 /* RootInteractor.swift */,
			);
			path = Root;
			sourceTree = "<group>";
		};
		A05FFDBA22FAA5D300241086 /* Main */ = {
			isa = PBXGroup;
			children = (
				A05FFDB222FAA5D000241086 /* MainRouter.swift */,
				A05FFDB322FAA5D000241086 /* MainViewController.swift */,
				A05FFDB422FAA5D000241086 /* MainBuilder.swift */,
				A05FFDB522FAA5D000241086 /* MainInteractor.swift */,
			);
			path = Main;
			sourceTree = "<group>";
		};
		CECC8B982252E37A002A6810 = {
			isa = PBXGroup;
			children = (
				CECC8BA32252E37A002A6810 /* Sample */,
				CECC8BB82252E37C002A6810 /* SampleTests */,
				CECC8BA22252E37A002A6810 /* Products */,
				1AE3D1CE6884235D7BCE9E8F /* Pods */,
				1EB324B2C747931A37ECF4B2 /* Frameworks */,
			);
			sourceTree = "<group>";
		};
		CECC8BA22252E37A002A6810 /* Products */ = {
			isa = PBXGroup;
			children = (
				CECC8BA12252E37A002A6810 /* Sample.app */,
				CECC8BB52252E37C002A6810 /* SampleTests.xctest */,
			);
			name = Products;
			sourceTree = "<group>";
		};
		CECC8BA32252E37A002A6810 /* Sample */ = {
			isa = PBXGroup;
			children = (
				CECC8BA42252E37A002A6810 /* AppDelegate.swift */,
				A05FFD9B22FA998800241086 /* AppComponent.swift */,
				A05FFDB122FAA01800241086 /* Root */,
				A05FFDBA22FAA5D300241086 /* Main */,
				CECC8BA82252E37A002A6810 /* Main.storyboard */,
				CECC8BAB2252E37C002A6810 /* Assets.xcassets */,
				CECC8BAD2252E37C002A6810 /* LaunchScreen.storyboard */,
				CECC8BB02252E37C002A6810 /* Info.plist */,
				A05FFDA722FA9E9000241086 /* UINavigation+RIBs.swift */,
			);
			path = Sample;
			sourceTree = "<group>";
		};
		CECC8BB82252E37C002A6810 /* SampleTests */ = {
			isa = PBXGroup;
			children = (
				CECC8BB92252E37C002A6810 /* MVP_SampleTests.swift */,
				CECA22A42257621100F12DE5 /* MVP_DetailTest.swift */,
				CECC8BBB2252E37C002A6810 /* Info.plist */,
			);
			path = SampleTests;
			sourceTree = "<group>";
		};
/* End PBXGroup section */

/* Begin PBXNativeTarget section */
		CECC8BA02252E37A002A6810 /* Sample */ = {
			isa = PBXNativeTarget;
			buildConfigurationList = CECC8BC92252E37C002A6810 /* Build configuration list for PBXNativeTarget "Sample" */;
			buildPhases = (
				10A071D497455401CF46632E /* [CP] Check Pods Manifest.lock */,
				CECC8B9D2252E37A002A6810 /* Sources */,
				CECC8B9E2252E37A002A6810 /* Frameworks */,
				CECC8B9F2252E37A002A6810 /* Resources */,
				9080AE909C7B83785622C5C1 /* [CP] Embed Pods Frameworks */,
			);
			buildRules = (
			);
			dependencies = (
			);
			name = Sample;
			productName = "MVP-Sample";
			productReference = CECC8BA12252E37A002A6810 /* Sample.app */;
			productType = "com.apple.product-type.application";
		};
		CECC8BB42252E37C002A6810 /* SampleTests */ = {
			isa = PBXNativeTarget;
			buildConfigurationList = CECC8BCC2252E37C002A6810 /* Build configuration list for PBXNativeTarget "SampleTests" */;
			buildPhases = (
				65DC792C96C20E24FD32E717 /* [CP] Check Pods Manifest.lock */,
				CECC8BB12252E37C002A6810 /* Sources */,
				CECC8BB22252E37C002A6810 /* Frameworks */,
				CECC8BB32252E37C002A6810 /* Resources */,
			);
			buildRules = (
			);
			dependencies = (
				CECC8BB72252E37C002A6810 /* PBXTargetDependency */,
			);
			name = SampleTests;
			productName = "MVP-SampleTests";
			productReference = CECC8BB52252E37C002A6810 /* SampleTests.xctest */;
			productType = "com.apple.product-type.bundle.unit-test";
		};
/* End PBXNativeTarget section */

/* Begin PBXProject section */
		CECC8B992252E37A002A6810 /* Project object */ = {
			isa = PBXProject;
			attributes = {
				LastSwiftUpdateCheck = 1020;
				LastUpgradeCheck = 1020;
				ORGANIZATIONNAME = kor45cw;
				TargetAttributes = {
					CECC8BA02252E37A002A6810 = {
						CreatedOnToolsVersion = 10.2;
					};
					CECC8BB42252E37C002A6810 = {
						CreatedOnToolsVersion = 10.2;
						TestTargetID = CECC8BA02252E37A002A6810;
					};
				};
			};
			buildConfigurationList = CECC8B9C2252E37A002A6810 /* Build configuration list for PBXProject "Sample" */;
			compatibilityVersion = "Xcode 9.3";
			developmentRegion = en;
			hasScannedForEncodings = 0;
			knownRegions = (
				en,
				Base,
			);
			mainGroup = CECC8B982252E37A002A6810;
			productRefGroup = CECC8BA22252E37A002A6810 /* Products */;
			projectDirPath = "";
			projectRoot = "";
			targets = (
				CECC8BA02252E37A002A6810 /* Sample */,
				CECC8BB42252E37C002A6810 /* SampleTests */,
			);
		};
/* End PBXProject section */

/* Begin PBXResourcesBuildPhase section */
		CECC8B9F2252E37A002A6810 /* Resources */ = {
			isa = PBXResourcesBuildPhase;
			buildActionMask = 2147483647;
			files = (
				CECC8BAF2252E37C002A6810 /* LaunchScreen.storyboard in Resources */,
				CECC8BAC2252E37C002A6810 /* Assets.xcassets in Resources */,
				CECC8BAA2252E37A002A6810 /* Main.storyboard in Resources */,
			);
			runOnlyForDeploymentPostprocessing = 0;
		};
		CECC8BB32252E37C002A6810 /* Resources */ = {
			isa = PBXResourcesBuildPhase;
			buildActionMask = 2147483647;
			files = (
			);
			runOnlyForDeploymentPostprocessing = 0;
		};
/* End PBXResourcesBuildPhase section */

/* Begin PBXShellScriptBuildPhase section */
		10A071D497455401CF46632E /* [CP] Check Pods Manifest.lock */ = {
			isa = PBXShellScriptBuildPhase;
			buildActionMask = 2147483647;
			files = (
			);
			inputFileListPaths = (
			);
			inputPaths = (
				"${PODS_PODFILE_DIR_PATH}/Podfile.lock",
				"${PODS_ROOT}/Manifest.lock",
			);
			name = "[CP] Check Pods Manifest.lock";
			outputFileListPaths = (
			);
			outputPaths = (
				"$(DERIVED_FILE_DIR)/Pods-Sample-checkManifestLockResult.txt",
			);
			runOnlyForDeploymentPostprocessing = 0;
			shellPath = /bin/sh;
			shellScript = "diff \"${PODS_PODFILE_DIR_PATH}/Podfile.lock\" \"${PODS_ROOT}/Manifest.lock\" > /dev/null\nif [ $? != 0 ] ; then\n    # print error to STDERR\n    echo \"error: The sandbox is not in sync with the Podfile.lock. Run 'pod install' or update your CocoaPods installation.\" >&2\n    exit 1\nfi\n# This output is used by Xcode 'outputs' to avoid re-running this script phase.\necho \"SUCCESS\" > \"${SCRIPT_OUTPUT_FILE_0}\"\n";
			showEnvVarsInLog = 0;
		};
		65DC792C96C20E24FD32E717 /* [CP] Check Pods Manifest.lock */ = {
			isa = PBXShellScriptBuildPhase;
			buildActionMask = 2147483647;
			files = (
			);
			inputFileListPaths = (
			);
			inputPaths = (
				"${PODS_PODFILE_DIR_PATH}/Podfile.lock",
				"${PODS_ROOT}/Manifest.lock",
			);
			name = "[CP] Check Pods Manifest.lock";
			outputFileListPaths = (
			);
			outputPaths = (
				"$(DERIVED_FILE_DIR)/Pods-SampleTests-checkManifestLockResult.txt",
			);
			runOnlyForDeploymentPostprocessing = 0;
			shellPath = /bin/sh;
			shellScript = "diff \"${PODS_PODFILE_DIR_PATH}/Podfile.lock\" \"${PODS_ROOT}/Manifest.lock\" > /dev/null\nif [ $? != 0 ] ; then\n    # print error to STDERR\n    echo \"error: The sandbox is not in sync with the Podfile.lock. Run 'pod install' or update your CocoaPods installation.\" >&2\n    exit 1\nfi\n# This output is used by Xcode 'outputs' to avoid re-running this script phase.\necho \"SUCCESS\" > \"${SCRIPT_OUTPUT_FILE_0}\"\n";
			showEnvVarsInLog = 0;
		};
		9080AE909C7B83785622C5C1 /* [CP] Embed Pods Frameworks */ = {
			isa = PBXShellScriptBuildPhase;
			buildActionMask = 2147483647;
			files = (
			);
			inputFileListPaths = (
				"${PODS_ROOT}/Target Support Files/Pods-Sample/Pods-Sample-frameworks-${CONFIGURATION}-input-files.xcfilelist",
			);
			name = "[CP] Embed Pods Frameworks";
			outputFileListPaths = (
				"${PODS_ROOT}/Target Support Files/Pods-Sample/Pods-Sample-frameworks-${CONFIGURATION}-output-files.xcfilelist",
			);
			runOnlyForDeploymentPostprocessing = 0;
			shellPath = /bin/sh;
			shellScript = "\"${PODS_ROOT}/Target Support Files/Pods-Sample/Pods-Sample-frameworks.sh\"\n";
			showEnvVarsInLog = 0;
		};
/* End PBXShellScriptBuildPhase section */

/* Begin PBXSourcesBuildPhase section */
		CECC8B9D2252E37A002A6810 /* Sources */ = {
			isa = PBXSourcesBuildPhase;
			buildActionMask = 2147483647;
			files = (
				A05FFDAD22FAA01400241086 /* RootRouter.swift in Sources */,
				A05FFDB622FAA5D000241086 /* MainRouter.swift in Sources */,
				A05FFDB022FAA01400241086 /* RootInteractor.swift in Sources */,
				A05FFDAE22FAA01400241086 /* RootViewController.swift in Sources */,
				A05FFDB822FAA5D000241086 /* MainBuilder.swift in Sources */,
				CECC8BA52252E37A002A6810 /* AppDelegate.swift in Sources */,
				A05FFDB922FAA5D000241086 /* MainInteractor.swift in Sources */,
				A02C4E81231BC32C007A3C00 /* RootComponent+Main.swift in Sources */,
				A05FFDA822FA9E9000241086 /* UINavigation+RIBs.swift in Sources */,
				A05FFDB722FAA5D000241086 /* MainViewController.swift in Sources */,
				A05FFDAF22FAA01400241086 /* RootBuilder.swift in Sources */,
				A05FFD9C22FA998800241086 /* AppComponent.swift in Sources */,
			);
			runOnlyForDeploymentPostprocessing = 0;
		};
		CECC8BB12252E37C002A6810 /* Sources */ = {
			isa = PBXSourcesBuildPhase;
			buildActionMask = 2147483647;
			files = (
				CECA22A52257621100F12DE5 /* MVP_DetailTest.swift in Sources */,
				CECC8BBA2252E37C002A6810 /* MVP_SampleTests.swift in Sources */,
			);
			runOnlyForDeploymentPostprocessing = 0;
		};
/* End PBXSourcesBuildPhase section */

/* Begin PBXTargetDependency section */
		CECC8BB72252E37C002A6810 /* PBXTargetDependency */ = {
			isa = PBXTargetDependency;
			target = CECC8BA02252E37A002A6810 /* Sample */;
			targetProxy = CECC8BB62252E37C002A6810 /* PBXContainerItemProxy */;
		};
/* End PBXTargetDependency section */

/* Begin PBXVariantGroup section */
		CECC8BA82252E37A002A6810 /* Main.storyboard */ = {
			isa = PBXVariantGroup;
			children = (
				CECC8BA92252E37A002A6810 /* Base */,
			);
			name = Main.storyboard;
			sourceTree = "<group>";
		};
		CECC8BAD2252E37C002A6810 /* LaunchScreen.storyboard */ = {
			isa = PBXVariantGroup;
			children = (
				CECC8BAE2252E37C002A6810 /* Base */,
			);
			name = LaunchScreen.storyboard;
			sourceTree = "<group>";
		};
/* End PBXVariantGroup section */

/* Begin XCBuildConfiguration section */
		CECC8BC72252E37C002A6810 /* Debug */ = {
			isa = XCBuildConfiguration;
			buildSettings = {
				ALWAYS_SEARCH_USER_PATHS = NO;
				CLANG_ANALYZER_NONNULL = YES;
				CLANG_ANALYZER_NUMBER_OBJECT_CONVERSION = YES_AGGRESSIVE;
				CLANG_CXX_LANGUAGE_STANDARD = "gnu++14";
				CLANG_CXX_LIBRARY = "libc++";
				CLANG_ENABLE_MODULES = YES;
				CLANG_ENABLE_OBJC_ARC = YES;
				CLANG_ENABLE_OBJC_WEAK = YES;
				CLANG_WARN_BLOCK_CAPTURE_AUTORELEASING = YES;
				CLANG_WARN_BOOL_CONVERSION = YES;
				CLANG_WARN_COMMA = YES;
				CLANG_WARN_CONSTANT_CONVERSION = YES;
				CLANG_WARN_DEPRECATED_OBJC_IMPLEMENTATIONS = YES;
				CLANG_WARN_DIRECT_OBJC_ISA_USAGE = YES_ERROR;
				CLANG_WARN_DOCUMENTATION_COMMENTS = YES;
				CLANG_WARN_EMPTY_BODY = YES;
				CLANG_WARN_ENUM_CONVERSION = YES;
				CLANG_WARN_INFINITE_RECURSION = YES;
				CLANG_WARN_INT_CONVERSION = YES;
				CLANG_WARN_NON_LITERAL_NULL_CONVERSION = YES;
				CLANG_WARN_OBJC_IMPLICIT_RETAIN_SELF = YES;
				CLANG_WARN_OBJC_LITERAL_CONVERSION = YES;
				CLANG_WARN_OBJC_ROOT_CLASS = YES_ERROR;
				CLANG_WARN_RANGE_LOOP_ANALYSIS = YES;
				CLANG_WARN_STRICT_PROTOTYPES = YES;
				CLANG_WARN_SUSPICIOUS_MOVE = YES;
				CLANG_WARN_UNGUARDED_AVAILABILITY = YES_AGGRESSIVE;
				CLANG_WARN_UNREACHABLE_CODE = YES;
				CLANG_WARN__DUPLICATE_METHOD_MATCH = YES;
				CODE_SIGN_IDENTITY = "iPhone Developer";
				COPY_PHASE_STRIP = NO;
				DEBUG_INFORMATION_FORMAT = dwarf;
				ENABLE_STRICT_OBJC_MSGSEND = YES;
				ENABLE_TESTABILITY = YES;
				GCC_C_LANGUAGE_STANDARD = gnu11;
				GCC_DYNAMIC_NO_PIC = NO;
				GCC_NO_COMMON_BLOCKS = YES;
				GCC_OPTIMIZATION_LEVEL = 0;
				GCC_PREPROCESSOR_DEFINITIONS = (
					"DEBUG=1",
					"$(inherited)",
				);
				GCC_WARN_64_TO_32_BIT_CONVERSION = YES;
				GCC_WARN_ABOUT_RETURN_TYPE = YES_ERROR;
				GCC_WARN_UNDECLARED_SELECTOR = YES;
				GCC_WARN_UNINITIALIZED_AUTOS = YES_AGGRESSIVE;
				GCC_WARN_UNUSED_FUNCTION = YES;
				GCC_WARN_UNUSED_VARIABLE = YES;
				IPHONEOS_DEPLOYMENT_TARGET = 10.0;
				MTL_ENABLE_DEBUG_INFO = INCLUDE_SOURCE;
				MTL_FAST_MATH = YES;
				ONLY_ACTIVE_ARCH = YES;
				SDKROOT = iphoneos;
				SWIFT_ACTIVE_COMPILATION_CONDITIONS = DEBUG;
				SWIFT_OPTIMIZATION_LEVEL = "-Onone";
			};
			name = Debug;
		};
		CECC8BC82252E37C002A6810 /* Release */ = {
			isa = XCBuildConfiguration;
			buildSettings = {
				ALWAYS_SEARCH_USER_PATHS = NO;
				CLANG_ANALYZER_NONNULL = YES;
				CLANG_ANALYZER_NUMBER_OBJECT_CONVERSION = YES_AGGRESSIVE;
				CLANG_CXX_LANGUAGE_STANDARD = "gnu++14";
				CLANG_CXX_LIBRARY = "libc++";
				CLANG_ENABLE_MODULES = YES;
				CLANG_ENABLE_OBJC_ARC = YES;
				CLANG_ENABLE_OBJC_WEAK = YES;
				CLANG_WARN_BLOCK_CAPTURE_AUTORELEASING = YES;
				CLANG_WARN_BOOL_CONVERSION = YES;
				CLANG_WARN_COMMA = YES;
				CLANG_WARN_CONSTANT_CONVERSION = YES;
				CLANG_WARN_DEPRECATED_OBJC_IMPLEMENTATIONS = YES;
				CLANG_WARN_DIRECT_OBJC_ISA_USAGE = YES_ERROR;
				CLANG_WARN_DOCUMENTATION_COMMENTS = YES;
				CLANG_WARN_EMPTY_BODY = YES;
				CLANG_WARN_ENUM_CONVERSION = YES;
				CLANG_WARN_INFINITE_RECURSION = YES;
				CLANG_WARN_INT_CONVERSION = YES;
				CLANG_WARN_NON_LITERAL_NULL_CONVERSION = YES;
				CLANG_WARN_OBJC_IMPLICIT_RETAIN_SELF = YES;
				CLANG_WARN_OBJC_LITERAL_CONVERSION = YES;
				CLANG_WARN_OBJC_ROOT_CLASS = YES_ERROR;
				CLANG_WARN_RANGE_LOOP_ANALYSIS = YES;
				CLANG_WARN_STRICT_PROTOTYPES = YES;
				CLANG_WARN_SUSPICIOUS_MOVE = YES;
				CLANG_WARN_UNGUARDED_AVAILABILITY = YES_AGGRESSIVE;
				CLANG_WARN_UNREACHABLE_CODE = YES;
				CLANG_WARN__DUPLICATE_METHOD_MATCH = YES;
				CODE_SIGN_IDENTITY = "iPhone Developer";
				COPY_PHASE_STRIP = NO;
				DEBUG_INFORMATION_FORMAT = "dwarf-with-dsym";
				ENABLE_NS_ASSERTIONS = NO;
				ENABLE_STRICT_OBJC_MSGSEND = YES;
				GCC_C_LANGUAGE_STANDARD = gnu11;
				GCC_NO_COMMON_BLOCKS = YES;
				GCC_WARN_64_TO_32_BIT_CONVERSION = YES;
				GCC_WARN_ABOUT_RETURN_TYPE = YES_ERROR;
				GCC_WARN_UNDECLARED_SELECTOR = YES;
				GCC_WARN_UNINITIALIZED_AUTOS = YES_AGGRESSIVE;
				GCC_WARN_UNUSED_FUNCTION = YES;
				GCC_WARN_UNUSED_VARIABLE = YES;
				IPHONEOS_DEPLOYMENT_TARGET = 10.0;
				MTL_ENABLE_DEBUG_INFO = NO;
				MTL_FAST_MATH = YES;
				SDKROOT = iphoneos;
				SWIFT_COMPILATION_MODE = wholemodule;
				SWIFT_OPTIMIZATION_LEVEL = "-O";
				VALIDATE_PRODUCT = YES;
			};
			name = Release;
		};
		CECC8BCA2252E37C002A6810 /* Debug */ = {
			isa = XCBuildConfiguration;
			baseConfigurationReference = 4ACE9ADE122ABC158AC603D1 /* Pods-Sample.debug.xcconfig */;
			buildSettings = {
				ASSETCATALOG_COMPILER_APPICON_NAME = AppIcon;
				CODE_SIGN_STYLE = Automatic;
				DEVELOPMENT_TEAM = Y43FZEBEGM;
				INFOPLIST_FILE = "$(SRCROOT)/Sample/Info.plist";
				LD_RUNPATH_SEARCH_PATHS = (
					"$(inherited)",
					"@executable_path/Frameworks",
				);
				PRODUCT_BUNDLE_IDENTIFIER = "kor45cw.RIBs-Sample";
				PRODUCT_NAME = "$(TARGET_NAME)";
				SWIFT_VERSION = 5.0;
				TARGETED_DEVICE_FAMILY = "1,2";
			};
			name = Debug;
		};
		CECC8BCB2252E37C002A6810 /* Release */ = {
			isa = XCBuildConfiguration;
			baseConfigurationReference = F2019F28A99AC202B4DDFF3D /* Pods-Sample.release.xcconfig */;
			buildSettings = {
				ASSETCATALOG_COMPILER_APPICON_NAME = AppIcon;
				CODE_SIGN_STYLE = Automatic;
				DEVELOPMENT_TEAM = Y43FZEBEGM;
				INFOPLIST_FILE = "$(SRCROOT)/Sample/Info.plist";
				LD_RUNPATH_SEARCH_PATHS = (
					"$(inherited)",
					"@executable_path/Frameworks",
				);
				PRODUCT_BUNDLE_IDENTIFIER = "kor45cw.RIBs-Sample";
				PRODUCT_NAME = "$(TARGET_NAME)";
				SWIFT_VERSION = 5.0;
				TARGETED_DEVICE_FAMILY = "1,2";
			};
			name = Release;
		};
		CECC8BCD2252E37C002A6810 /* Debug */ = {
			isa = XCBuildConfiguration;
			baseConfigurationReference = D7935351A225BA100C31ACFE /* Pods-SampleTests.debug.xcconfig */;
			buildSettings = {
				ALWAYS_EMBED_SWIFT_STANDARD_LIBRARIES = YES;
				BUNDLE_LOADER = "$(TEST_HOST)";
				CODE_SIGN_STYLE = Automatic;
				DEVELOPMENT_TEAM = Y43FZEBEGM;
				INFOPLIST_FILE = SampleTests/Info.plist;
				LD_RUNPATH_SEARCH_PATHS = (
					"$(inherited)",
					"@executable_path/Frameworks",
					"@loader_path/Frameworks",
				);
				PRODUCT_BUNDLE_IDENTIFIER = "kor45cw.MVP-SampleTests";
				PRODUCT_NAME = "$(TARGET_NAME)";
				SWIFT_VERSION = 5.0;
				TARGETED_DEVICE_FAMILY = "1,2";
				TEST_HOST = "$(BUILT_PRODUCTS_DIR)/Sample.app/Sample";
			};
			name = Debug;
		};
		CECC8BCE2252E37C002A6810 /* Release */ = {
			isa = XCBuildConfiguration;
			baseConfigurationReference = 432045C954946A1A4F1EEB99 /* Pods-SampleTests.release.xcconfig */;
			buildSettings = {
				ALWAYS_EMBED_SWIFT_STANDARD_LIBRARIES = YES;
				BUNDLE_LOADER = "$(TEST_HOST)";
				CODE_SIGN_STYLE = Automatic;
				DEVELOPMENT_TEAM = Y43FZEBEGM;
				INFOPLIST_FILE = SampleTests/Info.plist;
				LD_RUNPATH_SEARCH_PATHS = (
					"$(inherited)",
					"@executable_path/Frameworks",
					"@loader_path/Frameworks",
				);
				PRODUCT_BUNDLE_IDENTIFIER = "kor45cw.MVP-SampleTests";
				PRODUCT_NAME = "$(TARGET_NAME)";
				SWIFT_VERSION = 5.0;
				TARGETED_DEVICE_FAMILY = "1,2";
				TEST_HOST = "$(BUILT_PRODUCTS_DIR)/Sample.app/Sample";
			};
			name = Release;
		};
/* End XCBuildConfiguration section */

/* Begin XCConfigurationList section */
		CECC8B9C2252E37A002A6810 /* Build configuration list for PBXProject "Sample" */ = {
			isa = XCConfigurationList;
			buildConfigurations = (
				CECC8BC72252E37C002A6810 /* Debug */,
				CECC8BC82252E37C002A6810 /* Release */,
			);
			defaultConfigurationIsVisible = 0;
			defaultConfigurationName = Release;
		};
		CECC8BC92252E37C002A6810 /* Build configuration list for PBXNativeTarget "Sample" */ = {
			isa = XCConfigurationList;
			buildConfigurations = (
				CECC8BCA2252E37C002A6810 /* Debug */,
				CECC8BCB2252E37C002A6810 /* Release */,
			);
			defaultConfigurationIsVisible = 0;
			defaultConfigurationName = Release;
		};
		CECC8BCC2252E37C002A6810 /* Build configuration list for PBXNativeTarget "SampleTests" */ = {
			isa = XCConfigurationList;
			buildConfigurations = (
				CECC8BCD2252E37C002A6810 /* Debug */,
				CECC8BCE2252E37C002A6810 /* Release */,
			);
			defaultConfigurationIsVisible = 0;
			defaultConfigurationName = Release;
		};
/* End XCConfigurationList section */
	};
	rootObject = CECC8B992252E37A002A6810 /* Project object */;
}
